
Microsoft Visual Studio Solution File, Format Version 12.00
# Visual Studio Version 17
VisualStudioVersion = 17.0.31903.59
MinimumVisualStudioVersion = 10.0.40219.1
Project("{2150E333-8FDC-42A3-9474-1A3956D46DE8}") = "src", "src", "{827E0CD3-B72D-47B6-A68D-7590B98EB39B}"
EndProject
Project("{FAE04EC0-301F-11D3-BF4B-00C04F79EFBC}") = "BAP.Core", "src\BAP.Core\BAP.Core.csproj", "{ECD6FA99-B871-4DC3-A5A6-D100963AB4B5}"
EndProject
Project("{FAE04EC0-301F-11D3-BF4B-00C04F79EFBC}") = "BAP.Ble", "src\BAP.Ble\BAP.Ble.csproj", "{B51865E7-6292-4CA9-8E70-C1D802CC00A6}"
EndProject
Project("{FAE04EC0-301F-11D3-BF4B-00C04F79EFBC}") = "BAP.Desktop", "src\BAP.Desktop\BAP.Desktop.csproj", "{7EBB5C4B-43FC-4647-9477-89B2C39F2111}"
EndProject
Project("{FAE04EC0-301F-11D3-BF4B-00C04F79EFBC}") = "BAP.Tests", "tests\BAP.Tests\BAP.Tests.csproj", "{3B668AF4-0333-4641-9A99-39FFC155D339}"
EndProject
Global
	GlobalSection(SolutionConfigurationPlatforms) = preSolution
		Debug|Any CPU = Debug|Any CPU
		Debug|x64 = Debug|x64
		Debug|x86 = Debug|x86
		Release|Any CPU = Release|Any CPU
		Release|x64 = Release|x64
		Release|x86 = Release|x86
	EndGlobalSection
	GlobalSection(ProjectConfigurationPlatforms) = postSolution
		{ECD6FA99-B871-4DC3-A5A6-D100963AB4B5}.Debug|Any CPU.ActiveCfg = Debug|Any CPU
		{ECD6FA99-B871-4DC3-A5A6-D100963AB4B5}.Debug|Any CPU.Build.0 = Debug|Any CPU
		{ECD6FA99-B871-4DC3-A5A6-D100963AB4B5}.Debug|x64.ActiveCfg = Debug|Any CPU
		{ECD6FA99-B871-4DC3-A5A6-D100963AB4B5}.Debug|x64.Build.0 = Debug|Any CPU
		{ECD6FA99-B871-4DC3-A5A6-D100963AB4B5}.Debug|x86.ActiveCfg = Debug|Any CPU
		{ECD6FA99-B871-4DC3-A5A6-D100963AB4B5}.Debug|x86.Build.0 = Debug|Any CPU
		{ECD6FA99-B871-4DC3-A5A6-D100963AB4B5}.Release|Any CPU.ActiveCfg = Release|Any CPU
		{ECD6FA99-B871-4DC3-A5A6-D100963AB4B5}.Release|Any CPU.Build.0 = Release|Any CPU
		{ECD6FA99-B871-4DC3-A5A6-D100963AB4B5}.Release|x64.ActiveCfg = Release|Any CPU
		{ECD6FA99-B871-4DC3-A5A6-D100963AB4B5}.Release|x64.Build.0 = Release|Any CPU
		{ECD6FA99-B871-4DC3-A5A6-D100963AB4B5}.Release|x86.ActiveCfg = Release|Any CPU
		{ECD6FA99-B871-4DC3-A5A6-D100963AB4B5}.Release|x86.Build.0 = Release|Any CPU
		{B51865E7-6292-4CA9-8E70-C1D802CC00A6}.Debug|Any CPU.ActiveCfg = Debug|Any CPU
		{B51865E7-6292-4CA9-8E70-C1D802CC00A6}.Debug|Any CPU.Build.0 = Debug|Any CPU
		{B51865E7-6292-4CA9-8E70-C1D802CC00A6}.Debug|x64.ActiveCfg = Debug|Any CPU
		{B51865E7-6292-4CA9-8E70-C1D802CC00A6}.Debug|x64.Build.0 = Debug|Any CPU
		{B51865E7-6292-4CA9-8E70-C1D802CC00A6}.Debug|x86.ActiveCfg = Debug|Any CPU
		{B51865E7-6292-4CA9-8E70-C1D802CC00A6}.Debug|x86.Build.0 = Debug|Any CPU
		{B51865E7-6292-4CA9-8E70-C1D802CC00A6}.Release|Any CPU.ActiveCfg = Release|Any CPU
		{B51865E7-6292-4CA9-8E70-C1D802CC00A6}.Release|Any CPU.Build.0 = Release|Any CPU
		{B51865E7-6292-4CA9-8E70-C1D802CC00A6}.Release|x64.ActiveCfg = Release|Any CPU
		{B51865E7-6292-4CA9-8E70-C1D802CC00A6}.Release|x64.Build.0 = Release|Any CPU
		{B51865E7-6292-4CA9-8E70-C1D802CC00A6}.Release|x86.ActiveCfg = Release|Any CPU
		{B51865E7-6292-4CA9-8E70-C1D802CC00A6}.Release|x86.Build.0 = Release|Any CPU
		{7EBB5C4B-43FC-4647-9477-89B2C39F2111}.Debug|Any CPU.ActiveCfg = Debug|Any CPU
		{7EBB5C4B-43FC-4647-9477-89B2C39F2111}.Debug|Any CPU.Build.0 = Debug|Any CPU
		{7EBB5C4B-43FC-4647-9477-89B2C39F2111}.Debug|x64.ActiveCfg = Debug|Any CPU
		{7EBB5C4B-43FC-4647-9477-89B2C39F2111}.Debug|x64.Build.0 = Debug|Any CPU
		{7EBB5C4B-43FC-4647-9477-89B2C39F2111}.Debug|x86.ActiveCfg = Debug|Any CPU
		{7EBB5C4B-43FC-4647-9477-89B2C39F2111}.Debug|x86.Build.0 = Debug|Any CPU
		{7EBB5C4B-43FC-4647-9477-89B2C39F2111}.Release|Any CPU.ActiveCfg = Release|Any CPU
		{7EBB5C4B-43FC-4647-9477-89B2C39F2111}.Release|Any CPU.Build.0 = Release|Any CPU
		{7EBB5C4B-43FC-4647-9477-89B2C39F2111}.Release|x64.ActiveCfg = Release|Any CPU
		{7EBB5C4B-43FC-4647-9477-89B2C39F2111}.Release|x64.Build.0 = Release|Any CPU
		{7EBB5C4B-43FC-4647-9477-89B2C39F2111}.Release|x86.ActiveCfg = Release|Any CPU
		{7EBB5C4B-43FC-4647-9477-89B2C39F2111}.Release|x86.Build.0 = Release|Any CPU
		{3B668AF4-0333-4641-9A99-39FFC155D339}.Debug|Any CPU.ActiveCfg = Debug|Any CPU
		{3B668AF4-0333-4641-9A99-39FFC155D339}.Debug|Any CPU.Build.0 = Debug|Any CPU
		{3B668AF4-0333-4641-9A99-39FFC155D339}.Debug|x64.ActiveCfg = Debug|Any CPU
		{3B668AF4-0333-4641-9A99-39FFC155D339}.Debug|x64.Build.0 = Debug|Any CPU
		{3B668AF4-0333-4641-9A99-39FFC155D339}.Debug|x86.ActiveCfg = Debug|Any CPU
		{3B668AF4-0333-4641-9A99-39FFC155D339}.Debug|x86.Build.0 = Debug|Any CPU
		{3B668AF4-0333-4641-9A99-39FFC155D339}.Release|Any CPU.ActiveCfg = Release|Any CPU
		{3B668AF4-0333-4641-9A99-39FFC155D339}.Release|Any CPU.Build.0 = Release|Any CPU
		{3B668AF4-0333-4641-9A99-39FFC155D339}.Release|x64.ActiveCfg = Release|Any CPU
		{3B668AF4-0333-4641-9A99-39FFC155D339}.Release|x64.Build.0 = Release|Any CPU
		{3B668AF4-0333-4641-9A99-39FFC155D339}.Release|x86.ActiveCfg = Release|Any CPU
		{3B668AF4-0333-4641-9A99-39FFC155D339}.Release|x86.Build.0 = Release|Any CPU
	EndGlobalSection
	GlobalSection(SolutionProperties) = preSolution
		HideSolutionNode = FALSE
	EndGlobalSection
	GlobalSection(NestedProjects) = preSolution
		{ECD6FA99-B871-4DC3-A5A6-D100963AB4B5} = {827E0CD3-B72D-47B6-A68D-7590B98EB39B}
		{B51865E7-6292-4CA9-8E70-C1D802CC00A6} = {827E0CD3-B72D-47B6-A68D-7590B98EB39B}
		{7EBB5C4B-43FC-4647-9477-89B2C39F2111} = {827E0CD3-B72D-47B6-A68D-7590B98EB39B}
		{3B668AF4-0333-4641-9A99-39FFC155D339} = {827E0CD3-B72D-47B6-A68D-7590B98EB39B}
	EndGlobalSection
EndGlobal
